
Microsoft Visual Studio Solution File, Format Version 12.00
# Visual Studio Version 17
VisualStudioVersion = 17.3.32922.545
MinimumVisualStudioVersion = 10.0.40219.1
Project("{FAE04EC0-301F-11D3-BF4B-00C04F79EFBC}") = "ApiCleanAr", "ApiCleanAr\ApiCleanAr.csproj", "{E5100F60-0045-40D4-870B-1CF1156E3B1E}"
EndProject
Global
	GlobalSection(SolutionConfigurationPlatforms) = preSolution
		Debug|Any CPU = Debug|Any CPU
		Release|Any CPU = Release|Any CPU
	EndGlobalSection
	GlobalSection(ProjectConfigurationPlatforms) = postSolution
		{E5100F60-0045-40D4-870B-1CF1156E3B1E}.Debug|Any CPU.ActiveCfg = Debug|Any CPU
		{E5100F60-0045-40D4-870B-1CF1156E3B1E}.Debug|Any CPU.Build.0 = Debug|Any CPU
		{E5100F60-0045-40D4-870B-1CF1156E3B1E}.Release|Any CPU.ActiveCfg = Release|Any CPU
		{E5100F60-0045-40D4-870B-1CF1156E3B1E}.Release|Any CPU.Build.0 = Release|Any CPU
	EndGlobalSection
	GlobalSection(SolutionProperties) = preSolution
		HideSolutionNode = FALSE
	EndGlobalSection
	GlobalSection(ExtensibilityGlobals) = postSolution
		SolutionGuid = {282A0B47-EA04-4DBB-B90B-1338F4ACC23B}
	EndGlobalSection
EndGlobal
